
Microsoft Visual Studio Solution File, Format Version 12.00
# Visual Studio 15
VisualStudioVersion = 15.0.27703.2000
MinimumVisualStudioVersion = 10.0.40219.1
Project("{9A19103F-16F7-4668-BE54-9A1E7A4F7556}") = "Bot2048", "Bot2048\Bot2048.csproj", "{C84B10B7-1E96-4025-B1EE-A8EBFB4CF2A4}"
EndProject
Project("{9A19103F-16F7-4668-BE54-9A1E7A4F7556}") = "Bot2048.Logic", "Bot2048.Logic\Bot2048.Logic.csproj", "{8F1BE630-57CC-4661-B5C1-A561179FDDB4}"
EndProject
Project("{9A19103F-16F7-4668-BE54-9A1E7A4F7556}") = "Bot2048.Automating", "Bot2048.Automating\Bot2048.Automating.csproj", "{F7EE8EB2-9407-43CC-82E7-91D7162C40A9}"
EndProject
Project("{9A19103F-16F7-4668-BE54-9A1E7A4F7556}") = "Bot2048.Model", "Bot2048.Model\Bot2048.Model.csproj", "{5E1652AF-7561-4329-B835-5E2F8F716B0B}"
EndProject
Project("{9A19103F-16F7-4668-BE54-9A1E7A4F7556}") = "Bot2048.Core", "Bot2048.Core\Bot2048.Core.csproj", "{466BEB53-520C-4534-B6C0-C67CC79B70CC}"
EndProject
Project("{9A19103F-16F7-4668-BE54-9A1E7A4F7556}") = "Bot2048.Logic.Test", "Bot2048.Logic.Test\Bot2048.Logic.Test.csproj", "{616D9B2C-51D1-47DF-B89F-2AC22246CA29}"
EndProject
Global
	GlobalSection(SolutionConfigurationPlatforms) = preSolution
		Debug|Any CPU = Debug|Any CPU
		Release|Any CPU = Release|Any CPU
	EndGlobalSection
	GlobalSection(ProjectConfigurationPlatforms) = postSolution
		{C84B10B7-1E96-4025-B1EE-A8EBFB4CF2A4}.Debug|Any CPU.ActiveCfg = Debug|Any CPU
		{C84B10B7-1E96-4025-B1EE-A8EBFB4CF2A4}.Debug|Any CPU.Build.0 = Debug|Any CPU
		{C84B10B7-1E96-4025-B1EE-A8EBFB4CF2A4}.Release|Any CPU.ActiveCfg = Release|Any CPU
		{C84B10B7-1E96-4025-B1EE-A8EBFB4CF2A4}.Release|Any CPU.Build.0 = Release|Any CPU
		{8F1BE630-57CC-4661-B5C1-A561179FDDB4}.Debug|Any CPU.ActiveCfg = Debug|Any CPU
		{8F1BE630-57CC-4661-B5C1-A561179FDDB4}.Debug|Any CPU.Build.0 = Debug|Any CPU
		{8F1BE630-57CC-4661-B5C1-A561179FDDB4}.Release|Any CPU.ActiveCfg = Release|Any CPU
		{8F1BE630-57CC-4661-B5C1-A561179FDDB4}.Release|Any CPU.Build.0 = Release|Any CPU
		{F7EE8EB2-9407-43CC-82E7-91D7162C40A9}.Debug|Any CPU.ActiveCfg = Debug|Any CPU
		{F7EE8EB2-9407-43CC-82E7-91D7162C40A9}.Debug|Any CPU.Build.0 = Debug|Any CPU
		{F7EE8EB2-9407-43CC-82E7-91D7162C40A9}.Release|Any CPU.ActiveCfg = Release|Any CPU
		{F7EE8EB2-9407-43CC-82E7-91D7162C40A9}.Release|Any CPU.Build.0 = Release|Any CPU
		{5E1652AF-7561-4329-B835-5E2F8F716B0B}.Debug|Any CPU.ActiveCfg = Debug|Any CPU
		{5E1652AF-7561-4329-B835-5E2F8F716B0B}.Debug|Any CPU.Build.0 = Debug|Any CPU
		{5E1652AF-7561-4329-B835-5E2F8F716B0B}.Release|Any CPU.ActiveCfg = Release|Any CPU
		{5E1652AF-7561-4329-B835-5E2F8F716B0B}.Release|Any CPU.Build.0 = Release|Any CPU
		{466BEB53-520C-4534-B6C0-C67CC79B70CC}.Debug|Any CPU.ActiveCfg = Debug|Any CPU
		{466BEB53-520C-4534-B6C0-C67CC79B70CC}.Debug|Any CPU.Build.0 = Debug|Any CPU
		{466BEB53-520C-4534-B6C0-C67CC79B70CC}.Release|Any CPU.ActiveCfg = Release|Any CPU
		{466BEB53-520C-4534-B6C0-C67CC79B70CC}.Release|Any CPU.Build.0 = Release|Any CPU
		{616D9B2C-51D1-47DF-B89F-2AC22246CA29}.Debug|Any CPU.ActiveCfg = Debug|Any CPU
		{616D9B2C-51D1-47DF-B89F-2AC22246CA29}.Debug|Any CPU.Build.0 = Debug|Any CPU
		{616D9B2C-51D1-47DF-B89F-2AC22246CA29}.Release|Any CPU.ActiveCfg = Release|Any CPU
		{616D9B2C-51D1-47DF-B89F-2AC22246CA29}.Release|Any CPU.Build.0 = Release|Any CPU
	EndGlobalSection
	GlobalSection(SolutionProperties) = preSolution
		HideSolutionNode = FALSE
	EndGlobalSection
	GlobalSection(ExtensibilityGlobals) = postSolution
		SolutionGuid = {E5124D2E-7678-4C42-B34E-64D7DF59D8B7}
	EndGlobalSection
EndGlobal
